{
  "object": {
    "pins": [
      {
        "package": "ServerShared",
        "repositoryURL": "https://github.com/SyncServerII/ServerShared.git",
        "state": {
          "branch": "master",
          "revision": "ac6ce14bce0a17a890486ec19f5976c08e97d25d",
          "version": null
        }
      },
      {
        "package": "swift-log",
        "repositoryURL": "https://github.com/apple/swift-log.git",
        "state": {
          "branch": null,
          "revision": "74d7b91ceebc85daf387ebb206003f78813f71aa",
          "version": "1.2.0"
        }
      }
    ]
  },
  "version": 1
}
